
Microsoft Visual Studio Solution File, Format Version 12.00
# Visual Studio Version 17
VisualStudioVersion = 17.11.35327.3
MinimumVisualStudioVersion = 10.0.40219.1
Project("{2150E333-8FDC-42A3-9474-1A3956D46DE8}") = "01PrismRegion", "01PrismRegion", "{6F10BE17-6497-44BD-B2F7-41C37DC14308}"
EndProject
Project("{9A19103F-16F7-4668-BE54-9A1E7A4F7556}") = "PrismRegion", "01PrismRegion\PrismRegion.csproj", "{971909A7-7D5D-440B-827F-9A15EB55D97E}"
EndProject
Project("{2150E333-8FDC-42A3-9474-1A3956D46DE8}") = "02ModulesCatalog", "02ModulesCatalog", "{ACFC4900-D02D-4248-B074-3ACA467C1F04}"
EndProject
Project("{9A19103F-16F7-4668-BE54-9A1E7A4F7556}") = "ModuleA", "02ModuleCatalog\ModuleA\ModuleA.csproj", "{0636F228-62FC-4284-8257-A332AA6BCD5C}"
EndProject
Project("{9A19103F-16F7-4668-BE54-9A1E7A4F7556}") = "ModuleCatalog", "02ModuleCatalog\ModuleCatalog\ModuleCatalog.csproj", "{5AB13B48-96C0-42E5-93AD-C489F58CE9CA}"
EndProject
Project("{9A19103F-16F7-4668-BE54-9A1E7A4F7556}") = "ModuleB", "02ModuleCatalog\ModuleB\ModuleB.csproj", "{90E1759A-BCCB-4E4B-8CC4-E297B2BA8393}"
EndProject
Project("{2150E333-8FDC-42A3-9474-1A3956D46DE8}") = "03Navigation", "03Navigation", "{4EBFF2AD-35FA-4D03-990B-1216AC6B9A99}"
EndProject
Project("{9A19103F-16F7-4668-BE54-9A1E7A4F7556}") = "NavigationApp", "03Navigation\NavigationApp\NavigationApp.csproj", "{DA4C4179-1344-4AB8-B022-BA80A0E326C5}"
EndProject
Project("{9A19103F-16F7-4668-BE54-9A1E7A4F7556}") = "NavigationView", "03Navigation\NavigationView\NavigationView.csproj", "{D1479A85-E430-4A1D-8095-9655A22B42C6}"
EndProject
Project("{2150E333-8FDC-42A3-9474-1A3956D46DE8}") = "解决方案项", "解决方案项", "{651450B0-8742-4943-9089-425BA8AD9D5B}"
	ProjectSection(SolutionItems) = preProject
		README.md = README.md
	EndProjectSection
EndProject
Global
	GlobalSection(SolutionConfigurationPlatforms) = preSolution
		Debug|Any CPU = Debug|Any CPU
		Release|Any CPU = Release|Any CPU
	EndGlobalSection
	GlobalSection(ProjectConfigurationPlatforms) = postSolution
		{971909A7-7D5D-440B-827F-9A15EB55D97E}.Debug|Any CPU.ActiveCfg = Debug|Any CPU
		{971909A7-7D5D-440B-827F-9A15EB55D97E}.Debug|Any CPU.Build.0 = Debug|Any CPU
		{971909A7-7D5D-440B-827F-9A15EB55D97E}.Release|Any CPU.ActiveCfg = Release|Any CPU
		{971909A7-7D5D-440B-827F-9A15EB55D97E}.Release|Any CPU.Build.0 = Release|Any CPU
		{0636F228-62FC-4284-8257-A332AA6BCD5C}.Debug|Any CPU.ActiveCfg = Debug|Any CPU
		{0636F228-62FC-4284-8257-A332AA6BCD5C}.Debug|Any CPU.Build.0 = Debug|Any CPU
		{0636F228-62FC-4284-8257-A332AA6BCD5C}.Release|Any CPU.ActiveCfg = Release|Any CPU
		{0636F228-62FC-4284-8257-A332AA6BCD5C}.Release|Any CPU.Build.0 = Release|Any CPU
		{5AB13B48-96C0-42E5-93AD-C489F58CE9CA}.Debug|Any CPU.ActiveCfg = Debug|Any CPU
		{5AB13B48-96C0-42E5-93AD-C489F58CE9CA}.Debug|Any CPU.Build.0 = Debug|Any CPU
		{5AB13B48-96C0-42E5-93AD-C489F58CE9CA}.Release|Any CPU.ActiveCfg = Release|Any CPU
		{5AB13B48-96C0-42E5-93AD-C489F58CE9CA}.Release|Any CPU.Build.0 = Release|Any CPU
		{90E1759A-BCCB-4E4B-8CC4-E297B2BA8393}.Debug|Any CPU.ActiveCfg = Debug|Any CPU
		{90E1759A-BCCB-4E4B-8CC4-E297B2BA8393}.Debug|Any CPU.Build.0 = Debug|Any CPU
		{90E1759A-BCCB-4E4B-8CC4-E297B2BA8393}.Release|Any CPU.ActiveCfg = Release|Any CPU
		{90E1759A-BCCB-4E4B-8CC4-E297B2BA8393}.Release|Any CPU.Build.0 = Release|Any CPU
		{DA4C4179-1344-4AB8-B022-BA80A0E326C5}.Debug|Any CPU.ActiveCfg = Debug|Any CPU
		{DA4C4179-1344-4AB8-B022-BA80A0E326C5}.Debug|Any CPU.Build.0 = Debug|Any CPU
		{DA4C4179-1344-4AB8-B022-BA80A0E326C5}.Release|Any CPU.ActiveCfg = Release|Any CPU
		{DA4C4179-1344-4AB8-B022-BA80A0E326C5}.Release|Any CPU.Build.0 = Release|Any CPU
		{D1479A85-E430-4A1D-8095-9655A22B42C6}.Debug|Any CPU.ActiveCfg = Debug|Any CPU
		{D1479A85-E430-4A1D-8095-9655A22B42C6}.Debug|Any CPU.Build.0 = Debug|Any CPU
		{D1479A85-E430-4A1D-8095-9655A22B42C6}.Release|Any CPU.ActiveCfg = Release|Any CPU
		{D1479A85-E430-4A1D-8095-9655A22B42C6}.Release|Any CPU.Build.0 = Release|Any CPU
	EndGlobalSection
	GlobalSection(SolutionProperties) = preSolution
		HideSolutionNode = FALSE
	EndGlobalSection
	GlobalSection(NestedProjects) = preSolution
		{971909A7-7D5D-440B-827F-9A15EB55D97E} = {6F10BE17-6497-44BD-B2F7-41C37DC14308}
		{0636F228-62FC-4284-8257-A332AA6BCD5C} = {ACFC4900-D02D-4248-B074-3ACA467C1F04}
		{5AB13B48-96C0-42E5-93AD-C489F58CE9CA} = {ACFC4900-D02D-4248-B074-3ACA467C1F04}
		{90E1759A-BCCB-4E4B-8CC4-E297B2BA8393} = {ACFC4900-D02D-4248-B074-3ACA467C1F04}
		{DA4C4179-1344-4AB8-B022-BA80A0E326C5} = {4EBFF2AD-35FA-4D03-990B-1216AC6B9A99}
		{D1479A85-E430-4A1D-8095-9655A22B42C6} = {4EBFF2AD-35FA-4D03-990B-1216AC6B9A99}
	EndGlobalSection
	GlobalSection(ExtensibilityGlobals) = postSolution
		SolutionGuid = {169FAA08-84B1-4B9C-BD2B-ED61D62E52AE}
	EndGlobalSection
EndGlobal
